
Microsoft Visual Studio Solution File, Format Version 12.00
# Visual Studio Version 17
VisualStudioVersion = 17.14.36603.0 d17.14
MinimumVisualStudioVersion = 10.0.40219.1
Project("{FAE04EC0-301F-11D3-BF4B-00C04F79EFBC}") = "OsintCatSharp", "OsintCatSharp.csproj", "{719B896A-9EC1-4391-A7E8-BA32E0C1D8B0}"
EndProject
Global
	GlobalSection(SolutionConfigurationPlatforms) = preSolution
		Debug|Any CPU = Debug|Any CPU
		Debug|x64 = Debug|x64
		Release|Any CPU = Release|Any CPU
		Release|x64 = Release|x64
	EndGlobalSection
	GlobalSection(ProjectConfigurationPlatforms) = postSolution
		{719B896A-9EC1-4391-A7E8-BA32E0C1D8B0}.Debug|Any CPU.ActiveCfg = Debug|Any CPU
		{719B896A-9EC1-4391-A7E8-BA32E0C1D8B0}.Debug|Any CPU.Build.0 = Debug|Any CPU
		{719B896A-9EC1-4391-A7E8-BA32E0C1D8B0}.Debug|x64.ActiveCfg = Debug|Any CPU
		{719B896A-9EC1-4391-A7E8-BA32E0C1D8B0}.Debug|x64.Build.0 = Debug|Any CPU
		{719B896A-9EC1-4391-A7E8-BA32E0C1D8B0}.Release|Any CPU.ActiveCfg = Release|Any CPU
		{719B896A-9EC1-4391-A7E8-BA32E0C1D8B0}.Release|Any CPU.Build.0 = Release|Any CPU
		{719B896A-9EC1-4391-A7E8-BA32E0C1D8B0}.Release|x64.ActiveCfg = Release|Any CPU
		{719B896A-9EC1-4391-A7E8-BA32E0C1D8B0}.Release|x64.Build.0 = Release|Any CPU
	EndGlobalSection
	GlobalSection(SolutionProperties) = preSolution
		HideSolutionNode = FALSE
	EndGlobalSection
	GlobalSection(ExtensibilityGlobals) = postSolution
		SolutionGuid = {48C3332A-4515-4DCD-A872-75E2C293DF1F}
	EndGlobalSection
EndGlobal
